
Microsoft Visual Studio Solution File, Format Version 12.00
# Visual Studio 14
VisualStudioVersion = 14.0.24720.0
MinimumVisualStudioVersion = 10.0.40219.1
Project("{2150E333-8FDC-42A3-9474-1A3956D46DE8}") = "assets", "assets", "{66695C64-D9D2-4ED2-8030-14E881A97367}"
	ProjectSection(SolutionItems) = preProject
		assets\app.js = assets\app.js
		assets\component.html = assets\component.html
		assets\ComponentController.js = assets\ComponentController.js
		assets\DemoComponent.js = assets\DemoComponent.js
		assets\DemoController.js = assets\DemoController.js
		assets\DemoService.js = assets\DemoService.js
	EndProjectSection
EndProject
Project("{2150E333-8FDC-42A3-9474-1A3956D46DE8}") = "typings", "typings", "{C6641264-EE8A-4BC7-B993-A645D9CB807C}"
EndProject
Project("{2150E333-8FDC-42A3-9474-1A3956D46DE8}") = "angular", "angular", "{2BC96497-0166-4EF0-B8B0-49837AAE8D8B}"
	ProjectSection(SolutionItems) = preProject
		typings\angularjs\angular.d.ts = typings\angularjs\angular.d.ts
	EndProjectSection
EndProject
Project("{2150E333-8FDC-42A3-9474-1A3956D46DE8}") = "jasmine", "jasmine", "{98C7CAE1-FF6A-4CEF-877D-E3C7297B265B}"
	ProjectSection(SolutionItems) = preProject
		typings\jasmine\jasmine.d.ts = typings\jasmine\jasmine.d.ts
	EndProjectSection
EndProject
Project("{2150E333-8FDC-42A3-9474-1A3956D46DE8}") = "tests", "tests", "{C15A9CE7-5DCB-498F-B56B-6A8473FD2498}"
	ProjectSection(SolutionItems) = preProject
		tests\controllerSpec.js = tests\controllerSpec.js
		tests\directiveSpec.js = tests\directiveSpec.js
		tests\servicesSpec.js = tests\servicesSpec.js
	EndProjectSection
EndProject
Project("{2150E333-8FDC-42A3-9474-1A3956D46DE8}") = "Solution Items", "Solution Items", "{8B3AF62C-BBF5-46B4-B7F7-9ED64AFE9DA6}"
	ProjectSection(SolutionItems) = preProject
		default.html = default.html
		gulpfile.js = gulpfile.js
		karma.conf.js = karma.conf.js
		package.json = package.json
	EndProjectSection
EndProject
Project("{2150E333-8FDC-42A3-9474-1A3956D46DE8}") = "node_modules", "node_modules", "{D99D14FE-6DD7-4BBF-AE34-FF60CDF414AF}"
EndProject
Global
	GlobalSection(SolutionProperties) = preSolution
		HideSolutionNode = FALSE
	EndGlobalSection
	GlobalSection(NestedProjects) = preSolution
		{2BC96497-0166-4EF0-B8B0-49837AAE8D8B} = {C6641264-EE8A-4BC7-B993-A645D9CB807C}
		{98C7CAE1-FF6A-4CEF-877D-E3C7297B265B} = {C6641264-EE8A-4BC7-B993-A645D9CB807C}
	EndGlobalSection
EndGlobal
